<?xml version="1.0" encoding="utf-8"?>
<Project ToolsVersion="4.0" xmlns="http://schemas.microsoft.com/developer/msbuild/2003">
  <ItemGroup>
    <Filter Include="Source Files">
      <UniqueIdentifier>{4FC737F1-C7A5-4376-A066-2A32D752A2FF}</UniqueIdentifier>
      <Extensions>cpp;c;cc;cxx;def;odl;idl;hpj;bat;asm;asmx</Extensions>
    </Filter>
    <Filter Include="Header Files">
      <UniqueIdentifier>{93995380-89BD-4b04-88EB-625FBE52EBFB}</UniqueIdentifier>
      <Extensions>h;hh;hpp;hxx;hm;inl;inc;xsd</Extensions>
    </Filter>
    <Filter Include="Resource Files">
      <UniqueIdentifier>{67DA6AB6-F800-4c08-8B7A-83BB121AAD01}</UniqueIdentifier>
      <Extensions>rc;ico;cur;bmp;dlg;rc2;rct;bin;rgs;gif;jpg;jpeg;jpe;resx;tiff;tif;png;wav;mfcribbon-ms</Extensions>
    </Filter>
  </ItemGroup>
  <ItemGroup>
    <ClInclude Include="jni\fileinput.h">
      <Filter>Header Files</Filter>
    </ClInclude>
    <ClInclude Include="jni\image.h">
      <Filter>Header Files</Filter>
    </ClInclude>
    <ClInclude Include="jni\imageloader.h">
      <Filter>Header Files</Filter>
    </ClInclude>
    <ClInclude Include="jni\imageloader_png.h">
      <Filter>Header Files</Filter>
    </ClInclude>
    <ClInclude Include="jni\renderable.h">
      <Filter>Header Files</Filter>
    </ClInclude>
    <ClInclude Include="jni\resource.h">
      <Filter>Header Files</Filter>
    </ClInclude>
    <ClInclude Include="jni\resourcemanager.h">
      <Filter>Header Files</Filter>
    </ClInclude>
    <ClInclude Include="jni\shader.h">
      <Filter>Header Files</Filter>
    </ClInclude>
    <ClInclude Include="jni\sprite.h">
      <Filter>Header Files</Filter>
    </ClInclude>
    <ClInclude Include="jni\texture.h">
      <Filter>Header Files</Filter>
    </ClInclude>
    <ClInclude Include="jni\utils.h">
      <Filter>Header Files</Filter>
    </ClInclude>
    <ClInclude Include="jni\vertex.h">
      <Filter>Header Files</Filter>
    </ClInclude>
    <ClInclude Include="jni\aeon.h">
      <Filter>Header Files</Filter>
    </ClInclude>
    <ClInclude Include="jni\buffer.h">
      <Filter>Header Files</Filter>
    </ClInclude>
    <ClInclude Include="jni\config.h">
      <Filter>Header Files</Filter>
    </ClInclude>
    <ClInclude Include="jni\console.h">
      <Filter>Header Files</Filter>
    </ClInclude>
    <ClInclude Include="jni\engine.h">
      <Filter>Header Files</Filter>
    </ClInclude>
    <ClInclude Include="jni\eventlistener.h">
      <Filter>Header Files</Filter>
    </ClInclude>
    <ClInclude Include="jni\singleton.h">
      <Filter>Header Files</Filter>
    </ClInclude>
    <ClInclude Include="jni\lodepng.h">
      <Filter>Header Files</Filter>
    </ClInclude>
  </ItemGroup>
  <ItemGroup>
    <ClCompile Include="jni\console.cpp">
      <Filter>Source Files</Filter>
    </ClCompile>
    <ClCompile Include="jni\engine.cpp">
      <Filter>Source Files</Filter>
    </ClCompile>
    <ClCompile Include="jni\fileinput.cpp">
      <Filter>Source Files</Filter>
    </ClCompile>
    <ClCompile Include="jni\gl_code.cpp">
      <Filter>Source Files</Filter>
    </ClCompile>
    <ClCompile Include="jni\image.cpp">
      <Filter>Source Files</Filter>
    </ClCompile>
    <ClCompile Include="jni\imageloader_png.cpp">
      <Filter>Source Files</Filter>
    </ClCompile>
    <ClCompile Include="jni\resourcemanager.cpp">
      <Filter>Source Files</Filter>
    </ClCompile>
    <ClCompile Include="jni\shader.cpp">
      <Filter>Source Files</Filter>
    </ClCompile>
    <ClCompile Include="jni\sprite.cpp">
      <Filter>Source Files</Filter>
    </ClCompile>
    <ClCompile Include="jni\texture.cpp">
      <Filter>Source Files</Filter>
    </ClCompile>
    <ClCompile Include="jni\utils.cpp">
      <Filter>Source Files</Filter>
    </ClCompile>
    <ClCompile Include="jni\lodepng.cpp">
      <Filter>Source Files</Filter>
    </ClCompile>
  </ItemGroup>
  <ItemGroup>
    <None Include="jni\Android.mk" />
    <None Include="jni\Application.mk" />
  </ItemGroup>
</Project>